
Microsoft Visual Studio Solution File, Format Version 12.00
# Visual Studio Version 16
VisualStudioVersion = 16.0.30907.101
MinimumVisualStudioVersion = 10.0.40219.1
Project("{9A19103F-16F7-4668-BE54-9A1E7A4F7556}") = "Entities", "Entities\Entities.csproj", "{FF5C32CE-6216-4F8F-ACFC-115317CD9347}"
EndProject
Project("{9A19103F-16F7-4668-BE54-9A1E7A4F7556}") = "DataAccess", "DataAccess\DataAccess.csproj", "{46110299-0235-4188-936A-E5910C7A8C0D}"
EndProject
Project("{9A19103F-16F7-4668-BE54-9A1E7A4F7556}") = "Business", "Business\Business.csproj", "{59D4F570-B1D6-479C-A740-1760C4F119E8}"
EndProject
Project("{9A19103F-16F7-4668-BE54-9A1E7A4F7556}") = "ConsoleUI", "ConsoleUI\ConsoleUI.csproj", "{BA36446F-98E8-4CF5-9F2C-E1E2C2EDB4C5}"
EndProject
Project("{9A19103F-16F7-4668-BE54-9A1E7A4F7556}") = "Core", "Core\Core.csproj", "{F78127CF-2205-4E2C-A744-2B45EF11513E}"
EndProject
Project("{9A19103F-16F7-4668-BE54-9A1E7A4F7556}") = "WepAPI", "WepAPI\WepAPI.csproj", "{BABF4DE1-9A58-4FA6-80FC-6893E4ADA928}"
EndProject
Global
	GlobalSection(SolutionConfigurationPlatforms) = preSolution
		Debug|Any CPU = Debug|Any CPU
		Release|Any CPU = Release|Any CPU
	EndGlobalSection
	GlobalSection(ProjectConfigurationPlatforms) = postSolution
		{FF5C32CE-6216-4F8F-ACFC-115317CD9347}.Debug|Any CPU.ActiveCfg = Debug|Any CPU
		{FF5C32CE-6216-4F8F-ACFC-115317CD9347}.Debug|Any CPU.Build.0 = Debug|Any CPU
		{FF5C32CE-6216-4F8F-ACFC-115317CD9347}.Release|Any CPU.ActiveCfg = Release|Any CPU
		{FF5C32CE-6216-4F8F-ACFC-115317CD9347}.Release|Any CPU.Build.0 = Release|Any CPU
		{46110299-0235-4188-936A-E5910C7A8C0D}.Debug|Any CPU.ActiveCfg = Debug|Any CPU
		{46110299-0235-4188-936A-E5910C7A8C0D}.Debug|Any CPU.Build.0 = Debug|Any CPU
		{46110299-0235-4188-936A-E5910C7A8C0D}.Release|Any CPU.ActiveCfg = Release|Any CPU
		{46110299-0235-4188-936A-E5910C7A8C0D}.Release|Any CPU.Build.0 = Release|Any CPU
		{59D4F570-B1D6-479C-A740-1760C4F119E8}.Debug|Any CPU.ActiveCfg = Debug|Any CPU
		{59D4F570-B1D6-479C-A740-1760C4F119E8}.Debug|Any CPU.Build.0 = Debug|Any CPU
		{59D4F570-B1D6-479C-A740-1760C4F119E8}.Release|Any CPU.ActiveCfg = Release|Any CPU
		{59D4F570-B1D6-479C-A740-1760C4F119E8}.Release|Any CPU.Build.0 = Release|Any CPU
		{BA36446F-98E8-4CF5-9F2C-E1E2C2EDB4C5}.Debug|Any CPU.ActiveCfg = Debug|Any CPU
		{BA36446F-98E8-4CF5-9F2C-E1E2C2EDB4C5}.Debug|Any CPU.Build.0 = Debug|Any CPU
		{BA36446F-98E8-4CF5-9F2C-E1E2C2EDB4C5}.Release|Any CPU.ActiveCfg = Release|Any CPU
		{BA36446F-98E8-4CF5-9F2C-E1E2C2EDB4C5}.Release|Any CPU.Build.0 = Release|Any CPU
		{F78127CF-2205-4E2C-A744-2B45EF11513E}.Debug|Any CPU.ActiveCfg = Debug|Any CPU
		{F78127CF-2205-4E2C-A744-2B45EF11513E}.Debug|Any CPU.Build.0 = Debug|Any CPU
		{F78127CF-2205-4E2C-A744-2B45EF11513E}.Release|Any CPU.ActiveCfg = Release|Any CPU
		{F78127CF-2205-4E2C-A744-2B45EF11513E}.Release|Any CPU.Build.0 = Release|Any CPU
		{BABF4DE1-9A58-4FA6-80FC-6893E4ADA928}.Debug|Any CPU.ActiveCfg = Debug|Any CPU
		{BABF4DE1-9A58-4FA6-80FC-6893E4ADA928}.Debug|Any CPU.Build.0 = Debug|Any CPU
		{BABF4DE1-9A58-4FA6-80FC-6893E4ADA928}.Release|Any CPU.ActiveCfg = Release|Any CPU
		{BABF4DE1-9A58-4FA6-80FC-6893E4ADA928}.Release|Any CPU.Build.0 = Release|Any CPU
	EndGlobalSection
	GlobalSection(SolutionProperties) = preSolution
		HideSolutionNode = FALSE
	EndGlobalSection
	GlobalSection(ExtensibilityGlobals) = postSolution
		SolutionGuid = {4B65B489-592D-4D0F-926C-352541900B33}
	EndGlobalSection
EndGlobal
